
Microsoft Visual Studio Solution File, Format Version 12.00
# Visual Studio Version 17
VisualStudioVersion = 17.0.31903.59
MinimumVisualStudioVersion = 10.0.40219.1
Project("{2150E333-8FDC-42A3-9474-1A3956D46DE8}") = "src", "src", "{827E0CD3-B72D-47B6-A68D-7590B98EB39B}"
EndProject
Project("{FAE04EC0-301F-11D3-BF4B-00C04F79EFBC}") = "EcomifyAPI.Application", "src\EcomifyAPI.Application\EcomifyAPI.Application.csproj", "{4D6E183B-002F-45CF-B2FA-AE2E1BA5B83D}"
EndProject
Project("{FAE04EC0-301F-11D3-BF4B-00C04F79EFBC}") = "EcomifyAPI.Common", "src\EcomifyAPI.Common\EcomifyAPI.Common.csproj", "{B9E6F691-5B74-4BB7-948F-DC6DA74AB9A5}"
EndProject
Project("{FAE04EC0-301F-11D3-BF4B-00C04F79EFBC}") = "EcomifyAPI.Contracts", "src\EcomifyAPI.Contracts\EcomifyAPI.Contracts.csproj", "{F14F3DF4-25BA-4434-AE4F-93261649DD2D}"
EndProject
Project("{FAE04EC0-301F-11D3-BF4B-00C04F79EFBC}") = "EcomifyAPI.Domain", "src\EcomifyAPI.Domain\EcomifyAPI.Domain.csproj", "{E0C9923F-691A-4DA1-820C-879DF954EC72}"
EndProject
Project("{FAE04EC0-301F-11D3-BF4B-00C04F79EFBC}") = "EcomifyAPI.Infrastructure", "src\EcomifyAPI.Infrastructure\EcomifyAPI.Infrastructure.csproj", "{7E152182-4CFF-4D35-95DA-21536EAC8F65}"
EndProject
Project("{2150E333-8FDC-42A3-9474-1A3956D46DE8}") = "test", "test", "{0C88DD14-F956-CE84-757C-A364CCF449FC}"
EndProject
Project("{FAE04EC0-301F-11D3-BF4B-00C04F79EFBC}") = "EcomifyAPI.UnitTests", "test\EcomifyAPI.UnitTests\EcomifyAPI.UnitTests.csproj", "{720788B2-C275-41B2-9ABB-4C3A9688CA83}"
EndProject
Project("{FAE04EC0-301F-11D3-BF4B-00C04F79EFBC}") = "EcomifyAPI.IntegrationTests", "test\EcomifyAPI.IntegrationTests\EcomifyAPI.IntegrationTests.csproj", "{72ACB0DB-63EC-438B-AAEE-1EC5D8C1A1F5}"
EndProject
Project("{FAE04EC0-301F-11D3-BF4B-00C04F79EFBC}") = "EcomifyAPI.Api", "src\EcomifyAPI.Api\EcomifyAPI.Api.csproj", "{1D610D50-B62D-4D8E-BBF0-FEB684EAC7F5}"
EndProject
Global
	GlobalSection(SolutionConfigurationPlatforms) = preSolution
		Debug|Any CPU = Debug|Any CPU
		Debug|x64 = Debug|x64
		Debug|x86 = Debug|x86
		Release|Any CPU = Release|Any CPU
		Release|x64 = Release|x64
		Release|x86 = Release|x86
	EndGlobalSection
	GlobalSection(ProjectConfigurationPlatforms) = postSolution
		{4D6E183B-002F-45CF-B2FA-AE2E1BA5B83D}.Debug|Any CPU.ActiveCfg = Debug|Any CPU
		{4D6E183B-002F-45CF-B2FA-AE2E1BA5B83D}.Debug|Any CPU.Build.0 = Debug|Any CPU
		{4D6E183B-002F-45CF-B2FA-AE2E1BA5B83D}.Debug|x64.ActiveCfg = Debug|Any CPU
		{4D6E183B-002F-45CF-B2FA-AE2E1BA5B83D}.Debug|x64.Build.0 = Debug|Any CPU
		{4D6E183B-002F-45CF-B2FA-AE2E1BA5B83D}.Debug|x86.ActiveCfg = Debug|Any CPU
		{4D6E183B-002F-45CF-B2FA-AE2E1BA5B83D}.Debug|x86.Build.0 = Debug|Any CPU
		{4D6E183B-002F-45CF-B2FA-AE2E1BA5B83D}.Release|Any CPU.ActiveCfg = Release|Any CPU
		{4D6E183B-002F-45CF-B2FA-AE2E1BA5B83D}.Release|Any CPU.Build.0 = Release|Any CPU
		{4D6E183B-002F-45CF-B2FA-AE2E1BA5B83D}.Release|x64.ActiveCfg = Release|Any CPU
		{4D6E183B-002F-45CF-B2FA-AE2E1BA5B83D}.Release|x64.Build.0 = Release|Any CPU
		{4D6E183B-002F-45CF-B2FA-AE2E1BA5B83D}.Release|x86.ActiveCfg = Release|Any CPU
		{4D6E183B-002F-45CF-B2FA-AE2E1BA5B83D}.Release|x86.Build.0 = Release|Any CPU
		{B9E6F691-5B74-4BB7-948F-DC6DA74AB9A5}.Debug|Any CPU.ActiveCfg = Debug|Any CPU
		{B9E6F691-5B74-4BB7-948F-DC6DA74AB9A5}.Debug|Any CPU.Build.0 = Debug|Any CPU
		{B9E6F691-5B74-4BB7-948F-DC6DA74AB9A5}.Debug|x64.ActiveCfg = Debug|Any CPU
		{B9E6F691-5B74-4BB7-948F-DC6DA74AB9A5}.Debug|x64.Build.0 = Debug|Any CPU
		{B9E6F691-5B74-4BB7-948F-DC6DA74AB9A5}.Debug|x86.ActiveCfg = Debug|Any CPU
		{B9E6F691-5B74-4BB7-948F-DC6DA74AB9A5}.Debug|x86.Build.0 = Debug|Any CPU
		{B9E6F691-5B74-4BB7-948F-DC6DA74AB9A5}.Release|Any CPU.ActiveCfg = Release|Any CPU
		{B9E6F691-5B74-4BB7-948F-DC6DA74AB9A5}.Release|Any CPU.Build.0 = Release|Any CPU
		{B9E6F691-5B74-4BB7-948F-DC6DA74AB9A5}.Release|x64.ActiveCfg = Release|Any CPU
		{B9E6F691-5B74-4BB7-948F-DC6DA74AB9A5}.Release|x64.Build.0 = Release|Any CPU
		{B9E6F691-5B74-4BB7-948F-DC6DA74AB9A5}.Release|x86.ActiveCfg = Release|Any CPU
		{B9E6F691-5B74-4BB7-948F-DC6DA74AB9A5}.Release|x86.Build.0 = Release|Any CPU
		{F14F3DF4-25BA-4434-AE4F-93261649DD2D}.Debug|Any CPU.ActiveCfg = Debug|Any CPU
		{F14F3DF4-25BA-4434-AE4F-93261649DD2D}.Debug|Any CPU.Build.0 = Debug|Any CPU
		{F14F3DF4-25BA-4434-AE4F-93261649DD2D}.Debug|x64.ActiveCfg = Debug|Any CPU
		{F14F3DF4-25BA-4434-AE4F-93261649DD2D}.Debug|x64.Build.0 = Debug|Any CPU
		{F14F3DF4-25BA-4434-AE4F-93261649DD2D}.Debug|x86.ActiveCfg = Debug|Any CPU
		{F14F3DF4-25BA-4434-AE4F-93261649DD2D}.Debug|x86.Build.0 = Debug|Any CPU
		{F14F3DF4-25BA-4434-AE4F-93261649DD2D}.Release|Any CPU.ActiveCfg = Release|Any CPU
		{F14F3DF4-25BA-4434-AE4F-93261649DD2D}.Release|Any CPU.Build.0 = Release|Any CPU
		{F14F3DF4-25BA-4434-AE4F-93261649DD2D}.Release|x64.ActiveCfg = Release|Any CPU
		{F14F3DF4-25BA-4434-AE4F-93261649DD2D}.Release|x64.Build.0 = Release|Any CPU
		{F14F3DF4-25BA-4434-AE4F-93261649DD2D}.Release|x86.ActiveCfg = Release|Any CPU
		{F14F3DF4-25BA-4434-AE4F-93261649DD2D}.Release|x86.Build.0 = Release|Any CPU
		{E0C9923F-691A-4DA1-820C-879DF954EC72}.Debug|Any CPU.ActiveCfg = Debug|Any CPU
		{E0C9923F-691A-4DA1-820C-879DF954EC72}.Debug|Any CPU.Build.0 = Debug|Any CPU
		{E0C9923F-691A-4DA1-820C-879DF954EC72}.Debug|x64.ActiveCfg = Debug|Any CPU
		{E0C9923F-691A-4DA1-820C-879DF954EC72}.Debug|x64.Build.0 = Debug|Any CPU
		{E0C9923F-691A-4DA1-820C-879DF954EC72}.Debug|x86.ActiveCfg = Debug|Any CPU
		{E0C9923F-691A-4DA1-820C-879DF954EC72}.Debug|x86.Build.0 = Debug|Any CPU
		{E0C9923F-691A-4DA1-820C-879DF954EC72}.Release|Any CPU.ActiveCfg = Release|Any CPU
		{E0C9923F-691A-4DA1-820C-879DF954EC72}.Release|Any CPU.Build.0 = Release|Any CPU
		{E0C9923F-691A-4DA1-820C-879DF954EC72}.Release|x64.ActiveCfg = Release|Any CPU
		{E0C9923F-691A-4DA1-820C-879DF954EC72}.Release|x64.Build.0 = Release|Any CPU
		{E0C9923F-691A-4DA1-820C-879DF954EC72}.Release|x86.ActiveCfg = Release|Any CPU
		{E0C9923F-691A-4DA1-820C-879DF954EC72}.Release|x86.Build.0 = Release|Any CPU
		{7E152182-4CFF-4D35-95DA-21536EAC8F65}.Debug|Any CPU.ActiveCfg = Debug|Any CPU
		{7E152182-4CFF-4D35-95DA-21536EAC8F65}.Debug|Any CPU.Build.0 = Debug|Any CPU
		{7E152182-4CFF-4D35-95DA-21536EAC8F65}.Debug|x64.ActiveCfg = Debug|Any CPU
		{7E152182-4CFF-4D35-95DA-21536EAC8F65}.Debug|x64.Build.0 = Debug|Any CPU
		{7E152182-4CFF-4D35-95DA-21536EAC8F65}.Debug|x86.ActiveCfg = Debug|Any CPU
		{7E152182-4CFF-4D35-95DA-21536EAC8F65}.Debug|x86.Build.0 = Debug|Any CPU
		{7E152182-4CFF-4D35-95DA-21536EAC8F65}.Release|Any CPU.ActiveCfg = Release|Any CPU
		{7E152182-4CFF-4D35-95DA-21536EAC8F65}.Release|Any CPU.Build.0 = Release|Any CPU
		{7E152182-4CFF-4D35-95DA-21536EAC8F65}.Release|x64.ActiveCfg = Release|Any CPU
		{7E152182-4CFF-4D35-95DA-21536EAC8F65}.Release|x64.Build.0 = Release|Any CPU
		{7E152182-4CFF-4D35-95DA-21536EAC8F65}.Release|x86.ActiveCfg = Release|Any CPU
		{7E152182-4CFF-4D35-95DA-21536EAC8F65}.Release|x86.Build.0 = Release|Any CPU
		{720788B2-C275-41B2-9ABB-4C3A9688CA83}.Debug|Any CPU.ActiveCfg = Debug|Any CPU
		{720788B2-C275-41B2-9ABB-4C3A9688CA83}.Debug|Any CPU.Build.0 = Debug|Any CPU
		{720788B2-C275-41B2-9ABB-4C3A9688CA83}.Debug|x64.ActiveCfg = Debug|Any CPU
		{720788B2-C275-41B2-9ABB-4C3A9688CA83}.Debug|x64.Build.0 = Debug|Any CPU
		{720788B2-C275-41B2-9ABB-4C3A9688CA83}.Debug|x86.ActiveCfg = Debug|Any CPU
		{720788B2-C275-41B2-9ABB-4C3A9688CA83}.Debug|x86.Build.0 = Debug|Any CPU
		{720788B2-C275-41B2-9ABB-4C3A9688CA83}.Release|Any CPU.ActiveCfg = Release|Any CPU
		{720788B2-C275-41B2-9ABB-4C3A9688CA83}.Release|Any CPU.Build.0 = Release|Any CPU
		{720788B2-C275-41B2-9ABB-4C3A9688CA83}.Release|x64.ActiveCfg = Release|Any CPU
		{720788B2-C275-41B2-9ABB-4C3A9688CA83}.Release|x64.Build.0 = Release|Any CPU
		{720788B2-C275-41B2-9ABB-4C3A9688CA83}.Release|x86.ActiveCfg = Release|Any CPU
		{720788B2-C275-41B2-9ABB-4C3A9688CA83}.Release|x86.Build.0 = Release|Any CPU
		{72ACB0DB-63EC-438B-AAEE-1EC5D8C1A1F5}.Debug|Any CPU.ActiveCfg = Debug|Any CPU
		{72ACB0DB-63EC-438B-AAEE-1EC5D8C1A1F5}.Debug|Any CPU.Build.0 = Debug|Any CPU
		{72ACB0DB-63EC-438B-AAEE-1EC5D8C1A1F5}.Debug|x64.ActiveCfg = Debug|Any CPU
		{72ACB0DB-63EC-438B-AAEE-1EC5D8C1A1F5}.Debug|x64.Build.0 = Debug|Any CPU
		{72ACB0DB-63EC-438B-AAEE-1EC5D8C1A1F5}.Debug|x86.ActiveCfg = Debug|Any CPU
		{72ACB0DB-63EC-438B-AAEE-1EC5D8C1A1F5}.Debug|x86.Build.0 = Debug|Any CPU
		{72ACB0DB-63EC-438B-AAEE-1EC5D8C1A1F5}.Release|Any CPU.ActiveCfg = Release|Any CPU
		{72ACB0DB-63EC-438B-AAEE-1EC5D8C1A1F5}.Release|Any CPU.Build.0 = Release|Any CPU
		{72ACB0DB-63EC-438B-AAEE-1EC5D8C1A1F5}.Release|x64.ActiveCfg = Release|Any CPU
		{72ACB0DB-63EC-438B-AAEE-1EC5D8C1A1F5}.Release|x64.Build.0 = Release|Any CPU
		{72ACB0DB-63EC-438B-AAEE-1EC5D8C1A1F5}.Release|x86.ActiveCfg = Release|Any CPU
		{72ACB0DB-63EC-438B-AAEE-1EC5D8C1A1F5}.Release|x86.Build.0 = Release|Any CPU
		{1D610D50-B62D-4D8E-BBF0-FEB684EAC7F5}.Debug|Any CPU.ActiveCfg = Debug|Any CPU
		{1D610D50-B62D-4D8E-BBF0-FEB684EAC7F5}.Debug|Any CPU.Build.0 = Debug|Any CPU
		{1D610D50-B62D-4D8E-BBF0-FEB684EAC7F5}.Debug|x64.ActiveCfg = Debug|Any CPU
		{1D610D50-B62D-4D8E-BBF0-FEB684EAC7F5}.Debug|x64.Build.0 = Debug|Any CPU
		{1D610D50-B62D-4D8E-BBF0-FEB684EAC7F5}.Debug|x86.ActiveCfg = Debug|Any CPU
		{1D610D50-B62D-4D8E-BBF0-FEB684EAC7F5}.Debug|x86.Build.0 = Debug|Any CPU
		{1D610D50-B62D-4D8E-BBF0-FEB684EAC7F5}.Release|Any CPU.ActiveCfg = Release|Any CPU
		{1D610D50-B62D-4D8E-BBF0-FEB684EAC7F5}.Release|Any CPU.Build.0 = Release|Any CPU
		{1D610D50-B62D-4D8E-BBF0-FEB684EAC7F5}.Release|x64.ActiveCfg = Release|Any CPU
		{1D610D50-B62D-4D8E-BBF0-FEB684EAC7F5}.Release|x64.Build.0 = Release|Any CPU
		{1D610D50-B62D-4D8E-BBF0-FEB684EAC7F5}.Release|x86.ActiveCfg = Release|Any CPU
		{1D610D50-B62D-4D8E-BBF0-FEB684EAC7F5}.Release|x86.Build.0 = Release|Any CPU
	EndGlobalSection
	GlobalSection(SolutionProperties) = preSolution
		HideSolutionNode = FALSE
	EndGlobalSection
	GlobalSection(NestedProjects) = preSolution
		{4D6E183B-002F-45CF-B2FA-AE2E1BA5B83D} = {827E0CD3-B72D-47B6-A68D-7590B98EB39B}
		{B9E6F691-5B74-4BB7-948F-DC6DA74AB9A5} = {827E0CD3-B72D-47B6-A68D-7590B98EB39B}
		{F14F3DF4-25BA-4434-AE4F-93261649DD2D} = {827E0CD3-B72D-47B6-A68D-7590B98EB39B}
		{E0C9923F-691A-4DA1-820C-879DF954EC72} = {827E0CD3-B72D-47B6-A68D-7590B98EB39B}
		{7E152182-4CFF-4D35-95DA-21536EAC8F65} = {827E0CD3-B72D-47B6-A68D-7590B98EB39B}
		{720788B2-C275-41B2-9ABB-4C3A9688CA83} = {0C88DD14-F956-CE84-757C-A364CCF449FC}
		{72ACB0DB-63EC-438B-AAEE-1EC5D8C1A1F5} = {0C88DD14-F956-CE84-757C-A364CCF449FC}
		{1D610D50-B62D-4D8E-BBF0-FEB684EAC7F5} = {827E0CD3-B72D-47B6-A68D-7590B98EB39B}
	EndGlobalSection
EndGlobal
